
Microsoft Visual Studio Solution File, Format Version 12.00
# Visual Studio Version 17
VisualStudioVersion = 17.4.33403.182
MinimumVisualStudioVersion = 10.0.40219.1
Project("{FAE04EC0-301F-11D3-BF4B-00C04F79EFBC}") = "TableEase", "TableEase\TableEase.csproj", "{F8922733-795E-41C9-A701-0F8478EFDFE1}"
EndProject
Global
	GlobalSection(SolutionConfigurationPlatforms) = preSolution
		Debug|Any CPU = Debug|Any CPU
		Release|Any CPU = Release|Any CPU
	EndGlobalSection
	GlobalSection(ProjectConfigurationPlatforms) = postSolution
		{F8922733-795E-41C9-A701-0F8478EFDFE1}.Debug|Any CPU.ActiveCfg = Debug|Any CPU
		{F8922733-795E-41C9-A701-0F8478EFDFE1}.Debug|Any CPU.Build.0 = Debug|Any CPU
		{F8922733-795E-41C9-A701-0F8478EFDFE1}.Release|Any CPU.ActiveCfg = Release|Any CPU
		{F8922733-795E-41C9-A701-0F8478EFDFE1}.Release|Any CPU.Build.0 = Release|Any CPU
	EndGlobalSection
	GlobalSection(SolutionProperties) = preSolution
		HideSolutionNode = FALSE
	EndGlobalSection
	GlobalSection(ExtensibilityGlobals) = postSolution
		SolutionGuid = {A661E5C5-BA0E-4C22-8844-B8C3FF88806B}
	EndGlobalSection
EndGlobal
